
Microsoft Visual Studio Solution File, Format Version 12.00
# Visual Studio 15
VisualStudioVersion = 15.0.28307.572
MinimumVisualStudioVersion = 10.0.40219.1
Project("{FAE04EC0-301F-11D3-BF4B-00C04F79EFBC}") = "ConsoleApp4", "ConsoleApp4\ConsoleApp4.csproj", "{E60ABC86-AE17-470E-9990-868E107493A6}"
EndProject
Global
	GlobalSection(SolutionConfigurationPlatforms) = preSolution
		Debug|Any CPU = Debug|Any CPU
		Release|Any CPU = Release|Any CPU
	EndGlobalSection
	GlobalSection(ProjectConfigurationPlatforms) = postSolution
		{E60ABC86-AE17-470E-9990-868E107493A6}.Debug|Any CPU.ActiveCfg = Debug|Any CPU
		{E60ABC86-AE17-470E-9990-868E107493A6}.Debug|Any CPU.Build.0 = Debug|Any CPU
		{E60ABC86-AE17-470E-9990-868E107493A6}.Release|Any CPU.ActiveCfg = Release|Any CPU
		{E60ABC86-AE17-470E-9990-868E107493A6}.Release|Any CPU.Build.0 = Release|Any CPU
	EndGlobalSection
	GlobalSection(SolutionProperties) = preSolution
		HideSolutionNode = FALSE
	EndGlobalSection
	GlobalSection(ExtensibilityGlobals) = postSolution
		SolutionGuid = {7FF67DCD-8D58-4DFE-9FB9-6278126B5C24}
	EndGlobalSection
EndGlobal
