
Microsoft Visual Studio Solution File, Format Version 12.00
# Visual Studio 15
VisualStudioVersion = 15.0.28307.572
MinimumVisualStudioVersion = 10.0.40219.1
Project("{FAE04EC0-301F-11D3-BF4B-00C04F79EFBC}") = "ConsoleApp8", "ConsoleApp8\ConsoleApp8.csproj", "{EF822BF2-ED4A-4253-AB8E-4D280B7F09F6}"
EndProject
Global
	GlobalSection(SolutionConfigurationPlatforms) = preSolution
		Debug|Any CPU = Debug|Any CPU
		Release|Any CPU = Release|Any CPU
	EndGlobalSection
	GlobalSection(ProjectConfigurationPlatforms) = postSolution
		{EF822BF2-ED4A-4253-AB8E-4D280B7F09F6}.Debug|Any CPU.ActiveCfg = Debug|Any CPU
		{EF822BF2-ED4A-4253-AB8E-4D280B7F09F6}.Debug|Any CPU.Build.0 = Debug|Any CPU
		{EF822BF2-ED4A-4253-AB8E-4D280B7F09F6}.Release|Any CPU.ActiveCfg = Release|Any CPU
		{EF822BF2-ED4A-4253-AB8E-4D280B7F09F6}.Release|Any CPU.Build.0 = Release|Any CPU
	EndGlobalSection
	GlobalSection(SolutionProperties) = preSolution
		HideSolutionNode = FALSE
	EndGlobalSection
	GlobalSection(ExtensibilityGlobals) = postSolution
		SolutionGuid = {C759E955-DA08-463A-B1E2-77ACCBD6E607}
	EndGlobalSection
EndGlobal
