
Microsoft Visual Studio Solution File, Format Version 12.00
# Visual Studio 15
VisualStudioVersion = 15.0.28307.572
MinimumVisualStudioVersion = 10.0.40219.1
Project("{FAE04EC0-301F-11D3-BF4B-00C04F79EFBC}") = "req2", "req2\req2.csproj", "{FBD0AF0B-4330-47B3-989F-A5D97AAB9ABF}"
EndProject
Global
	GlobalSection(SolutionConfigurationPlatforms) = preSolution
		Debug|Any CPU = Debug|Any CPU
		Release|Any CPU = Release|Any CPU
	EndGlobalSection
	GlobalSection(ProjectConfigurationPlatforms) = postSolution
		{FBD0AF0B-4330-47B3-989F-A5D97AAB9ABF}.Debug|Any CPU.ActiveCfg = Debug|Any CPU
		{FBD0AF0B-4330-47B3-989F-A5D97AAB9ABF}.Debug|Any CPU.Build.0 = Debug|Any CPU
		{FBD0AF0B-4330-47B3-989F-A5D97AAB9ABF}.Release|Any CPU.ActiveCfg = Release|Any CPU
		{FBD0AF0B-4330-47B3-989F-A5D97AAB9ABF}.Release|Any CPU.Build.0 = Release|Any CPU
	EndGlobalSection
	GlobalSection(SolutionProperties) = preSolution
		HideSolutionNode = FALSE
	EndGlobalSection
	GlobalSection(ExtensibilityGlobals) = postSolution
		SolutionGuid = {014A0139-A5C3-4452-96C5-1DBC136B2615}
	EndGlobalSection
EndGlobal
