
Microsoft Visual Studio Solution File, Format Version 12.00
# Visual Studio 15
VisualStudioVersion = 15.0.28307.572
MinimumVisualStudioVersion = 10.0.40219.1
Project("{FAE04EC0-301F-11D3-BF4B-00C04F79EFBC}") = "WebApplication1", "WebApplication1\WebApplication1.csproj", "{8D7A0244-FD35-4D24-9DB9-625F8653C01F}"
EndProject
Global
	GlobalSection(SolutionConfigurationPlatforms) = preSolution
		Debug|Any CPU = Debug|Any CPU
		Release|Any CPU = Release|Any CPU
	EndGlobalSection
	GlobalSection(ProjectConfigurationPlatforms) = postSolution
		{8D7A0244-FD35-4D24-9DB9-625F8653C01F}.Debug|Any CPU.ActiveCfg = Debug|Any CPU
		{8D7A0244-FD35-4D24-9DB9-625F8653C01F}.Debug|Any CPU.Build.0 = Debug|Any CPU
		{8D7A0244-FD35-4D24-9DB9-625F8653C01F}.Release|Any CPU.ActiveCfg = Release|Any CPU
		{8D7A0244-FD35-4D24-9DB9-625F8653C01F}.Release|Any CPU.Build.0 = Release|Any CPU
	EndGlobalSection
	GlobalSection(SolutionProperties) = preSolution
		HideSolutionNode = FALSE
	EndGlobalSection
	GlobalSection(ExtensibilityGlobals) = postSolution
		SolutionGuid = {52598373-9955-4664-A762-9A9911AA302B}
	EndGlobalSection
EndGlobal
