
Microsoft Visual Studio Solution File, Format Version 12.00
# Visual Studio 15
VisualStudioVersion = 15.0.28307.572
MinimumVisualStudioVersion = 10.0.40219.1
Project("{FAE04EC0-301F-11D3-BF4B-00C04F79EFBC}") = "WebApplication1", "WebApplication1\WebApplication1.csproj", "{4EAC2C20-02C6-49C1-8769-BC4D48E5FC73}"
EndProject
Global
	GlobalSection(SolutionConfigurationPlatforms) = preSolution
		Debug|Any CPU = Debug|Any CPU
		Release|Any CPU = Release|Any CPU
	EndGlobalSection
	GlobalSection(ProjectConfigurationPlatforms) = postSolution
		{4EAC2C20-02C6-49C1-8769-BC4D48E5FC73}.Debug|Any CPU.ActiveCfg = Debug|Any CPU
		{4EAC2C20-02C6-49C1-8769-BC4D48E5FC73}.Debug|Any CPU.Build.0 = Debug|Any CPU
		{4EAC2C20-02C6-49C1-8769-BC4D48E5FC73}.Release|Any CPU.ActiveCfg = Release|Any CPU
		{4EAC2C20-02C6-49C1-8769-BC4D48E5FC73}.Release|Any CPU.Build.0 = Release|Any CPU
	EndGlobalSection
	GlobalSection(SolutionProperties) = preSolution
		HideSolutionNode = FALSE
	EndGlobalSection
	GlobalSection(ExtensibilityGlobals) = postSolution
		SolutionGuid = {F6FC23DF-7F62-4490-8608-5CED3DA77512}
	EndGlobalSection
EndGlobal
